PODS:
  - UrbanAirship-iOS-AppExtensions (8.0.5)
  - UrbanAirship-iOS-SDK (8.3.2)

DEPENDENCIES:
  - UrbanAirship-iOS-AppExtensions
  - UrbanAirship-iOS-SDK

SPEC CHECKSUMS:
  UrbanAirship-iOS-AppExtensions: 8ca39d15760a0e2a7ff467cd6608ed63e865e689
  UrbanAirship-iOS-SDK: bd83f2016ab6fead3cda23308ff892e77ea468a5

PODFILE CHECKSUM: 8c24e008151ca179babee0e724506532b3aa8a47

COCOAPODS: 1.2.1
